
Microsoft Visual Studio Solution File, Format Version 12.00
# Visual Studio Version 17
VisualStudioVersion = 17.2.32519.379
MinimumVisualStudioVersion = 10.0.40219.1
Project("{FAE04EC0-301F-11D3-BF4B-00C04F79EFBC}") = "QuanLyCuaHangVangBacDaQuy", "QuanLyCuaHangVangBacDaQuy\QuanLyCuaHangVangBacDaQuy.csproj", "{D7119271-3B2B-464E-ADA5-AACBEB4605B7}"
EndProject
Global
	GlobalSection(SolutionConfigurationPlatforms) = preSolution
		All|Any CPU = All|Any CPU
		Debug|Any CPU = Debug|Any CPU
		Release|Any CPU = Release|Any CPU
	EndGlobalSection
	GlobalSection(ProjectConfigurationPlatforms) = postSolution
		{D7119271-3B2B-464E-ADA5-AACBEB4605B7}.All|Any CPU.ActiveCfg = Release|Any CPU
		{D7119271-3B2B-464E-ADA5-AACBEB4605B7}.All|Any CPU.Build.0 = Release|Any CPU
		{D7119271-3B2B-464E-ADA5-AACBEB4605B7}.Debug|Any CPU.ActiveCfg = Debug|Any CPU
		{D7119271-3B2B-464E-ADA5-AACBEB4605B7}.Debug|Any CPU.Build.0 = Debug|Any CPU
		{D7119271-3B2B-464E-ADA5-AACBEB4605B7}.Release|Any CPU.ActiveCfg = Release|Any CPU
		{D7119271-3B2B-464E-ADA5-AACBEB4605B7}.Release|Any CPU.Build.0 = Release|Any CPU
	EndGlobalSection
	GlobalSection(SolutionProperties) = preSolution
		HideSolutionNode = FALSE
	EndGlobalSection
	GlobalSection(ExtensibilityGlobals) = postSolution
		SolutionGuid = {0FBC1C04-D9AA-4B72-8088-9F7B274342EF}
	EndGlobalSection
EndGlobal
